
Microsoft Visual Studio Solution File, Format Version 12.00
# Visual Studio Version 16
VisualStudioVersion = 16.0.31727.386
MinimumVisualStudioVersion = 10.0.40219.1
Project("{F184B08F-C81C-45F6-A57F-5ABD9991F28F}") = "program4", "program4\program4.vbproj", "{BFC80FF7-F285-4C63-81ED-DFC2DDAADFDD}"
EndProject
Global
	GlobalSection(SolutionConfigurationPlatforms) = preSolution
		Debug|Any CPU = Debug|Any CPU
		Release|Any CPU = Release|Any CPU
	EndGlobalSection
	GlobalSection(ProjectConfigurationPlatforms) = postSolution
		{BFC80FF7-F285-4C63-81ED-DFC2DDAADFDD}.Debug|Any CPU.ActiveCfg = Debug|Any CPU
		{BFC80FF7-F285-4C63-81ED-DFC2DDAADFDD}.Debug|Any CPU.Build.0 = Debug|Any CPU
		{BFC80FF7-F285-4C63-81ED-DFC2DDAADFDD}.Release|Any CPU.ActiveCfg = Release|Any CPU
		{BFC80FF7-F285-4C63-81ED-DFC2DDAADFDD}.Release|Any CPU.Build.0 = Release|Any CPU
	EndGlobalSection
	GlobalSection(SolutionProperties) = preSolution
		HideSolutionNode = FALSE
	EndGlobalSection
	GlobalSection(ExtensibilityGlobals) = postSolution
		SolutionGuid = {72B7E2FE-7A49-4853-B515-6B7351E8264B}
	EndGlobalSection
EndGlobal
